// !$*UTF8*$!
{
	archiveVersion = 1;
	classes = {
	};
	objectVersion = 56;
	objects = {

/* Begin PBXFileReference section */
		7F0A009A2BF5156B005A276A /* myEvery.swift */ = {isa = PBXFileReference; lastKnownFileType = sourcecode.swift; path = myEvery.swift; sourceTree = "<group>"; };
		7F0A009B2BF516ED005A276A /* myFlatten.swift */ = {isa = PBXFileReference; lastKnownFileType = sourcecode.swift; path = myFlatten.swift; sourceTree = "<group>"; };
		7F0A009C2BF51A58005A276A /* joinSplit.swift */ = {isa = PBXFileReference; lastKnownFileType = sourcecode.swift; path = joinSplit.swift; sourceTree = "<group>"; };
		7F0A009D2BF522BF005A276A /* reduce.swift */ = {isa = PBXFileReference; lastKnownFileType = sourcecode.swift; path = reduce.swift; sourceTree = "<group>"; };
		7F0A009E2BF52491005A276A /* myReverse.swift */ = {isa = PBXFileReference; lastKnownFileType = sourcecode.swift; path = myReverse.swift; sourceTree = "<group>"; };
		7F0A009F2BF52619005A276A /* myRotate.swift */ = {isa = PBXFileReference; lastKnownFileType = sourcecode.swift; path = myRotate.swift; sourceTree = "<group>"; };
		7F0A00A02BF65AD1005A276A /* mySlice.swift */ = {isa = PBXFileReference; lastKnownFileType = sourcecode.swift; path = mySlice.swift; sourceTree = "<group>"; };
		7F0A00A12BF662CF005A276A /* prime.swift */ = {isa = PBXFileReference; lastKnownFileType = sourcecode.swift; path = prime.swift; sourceTree = "<group>"; };
		7F0A00A22BF664B5005A276A /* subs.swift */ = {isa = PBXFileReference; lastKnownFileType = sourcecode.swift; path = subs.swift; sourceTree = "<group>"; };
		7F0A00A32BF6699F005A276A /* recSum.swift */ = {isa = PBXFileReference; lastKnownFileType = sourcecode.swift; path = recSum.swift; sourceTree = "<group>"; };
		7F0A00A42BF66BB6005A276A /* strInKey.swift */ = {isa = PBXFileReference; lastKnownFileType = sourcecode.swift; path = strInKey.swift; sourceTree = "<group>"; };
		7F0A00A52BF66FE0005A276A /* symmetricSubstrings.swift */ = {isa = PBXFileReference; lastKnownFileType = sourcecode.swift; path = symmetricSubstrings.swift; sourceTree = "<group>"; };
		7F0A00A62BF67239005A276A /* capitalizeWord.swift */ = {isa = PBXFileReference; lastKnownFileType = sourcecode.swift; path = capitalizeWord.swift; sourceTree = "<group>"; };
		7F0A00A72BF6766C005A276A /* transpose.swift */ = {isa = PBXFileReference; lastKnownFileType = sourcecode.swift; path = transpose.swift; sourceTree = "<group>"; };
		7F0A00A82BF679CB005A276A /* twoSum.swift */ = {isa = PBXFileReference; lastKnownFileType = sourcecode.swift; path = twoSum.swift; sourceTree = "<group>"; };
		7F0A00A92BFF923C005A276A /* reverseLinkedList.swift */ = {isa = PBXFileReference; lastKnownFileType = sourcecode.swift; path = reverseLinkedList.swift; sourceTree = "<group>"; };
		7F8E80982BF3883400527EC6 /* anagram.swift */ = {isa = PBXFileReference; lastKnownFileType = sourcecode.swift; path = anagram.swift; sourceTree = "<group>"; };
		7F8E80992BF38DB000527EC6 /* binarySearch.swift */ = {isa = PBXFileReference; lastKnownFileType = sourcecode.swift; path = binarySearch.swift; sourceTree = "<group>"; };
		7F8E809A2BF3958500527EC6 /* bubbleSort.swift */ = {isa = PBXFileReference; lastKnownFileType = sourcecode.swift; path = bubbleSort.swift; sourceTree = "<group>"; };
		7F8E809B2BF39B3B00527EC6 /* caserCipher.swift */ = {isa = PBXFileReference; lastKnownFileType = sourcecode.swift; path = caserCipher.swift; sourceTree = "<group>"; };
		7F8E809C2BF3AE6600527EC6 /* digitalRoot.swift */ = {isa = PBXFileReference; lastKnownFileType = sourcecode.swift; path = digitalRoot.swift; sourceTree = "<group>"; };
		7F8E809D2BF3B25C00527EC6 /* dups.swift */ = {isa = PBXFileReference; lastKnownFileType = sourcecode.swift; path = dups.swift; sourceTree = "<group>"; };
		7F8E809E2BF3B5DE00527EC6 /* exponent.swift */ = {isa = PBXFileReference; lastKnownFileType = sourcecode.swift; path = exponent.swift; sourceTree = "<group>"; };
		7F8E809F2BF3BC7400527EC6 /* factorialsRec.swift */ = {isa = PBXFileReference; lastKnownFileType = sourcecode.swift; path = factorialsRec.swift; sourceTree = "<group>"; };
		7F8E80A02BF4FC3000527EC6 /* jumbleSort.swift */ = {isa = PBXFileReference; lastKnownFileType = sourcecode.swift; path = jumbleSort.swift; sourceTree = "<group>"; };
		7F8E80A12BF5019600527EC6 /* median.swift */ = {isa = PBXFileReference; lastKnownFileType = sourcecode.swift; path = median.swift; sourceTree = "<group>"; };
		7F8E80A22BF50B7C00527EC6 /* mergeSort.swift */ = {isa = PBXFileReference; lastKnownFileType = sourcecode.swift; path = mergeSort.swift; sourceTree = "<group>"; };
/* End PBXFileReference section */

/* Begin PBXGroup section */
		7F8E80912BF3881E00527EC6 = {
			isa = PBXGroup;
			children = (
				7F0A00A92BFF923C005A276A /* reverseLinkedList.swift */,
				7F0A00A72BF6766C005A276A /* transpose.swift */,
				7F0A00A82BF679CB005A276A /* twoSum.swift */,
				7F0A00A62BF67239005A276A /* capitalizeWord.swift */,
				7F0A00A52BF66FE0005A276A /* symmetricSubstrings.swift */,
				7F0A00A42BF66BB6005A276A /* strInKey.swift */,
				7F0A00A32BF6699F005A276A /* recSum.swift */,
				7F0A00A22BF664B5005A276A /* subs.swift */,
				7F0A00A12BF662CF005A276A /* prime.swift */,
				7F0A00A02BF65AD1005A276A /* mySlice.swift */,
				7F0A009F2BF52619005A276A /* myRotate.swift */,
				7F0A009E2BF52491005A276A /* myReverse.swift */,
				7F0A009D2BF522BF005A276A /* reduce.swift */,
				7F0A009C2BF51A58005A276A /* joinSplit.swift */,
				7F0A009B2BF516ED005A276A /* myFlatten.swift */,
				7F0A009A2BF5156B005A276A /* myEvery.swift */,
				7F8E80A22BF50B7C00527EC6 /* mergeSort.swift */,
				7F8E80A12BF5019600527EC6 /* median.swift */,
				7F8E80A02BF4FC3000527EC6 /* jumbleSort.swift */,
				7F8E809F2BF3BC7400527EC6 /* factorialsRec.swift */,
				7F8E809E2BF3B5DE00527EC6 /* exponent.swift */,
				7F8E809D2BF3B25C00527EC6 /* dups.swift */,
				7F8E809C2BF3AE6600527EC6 /* digitalRoot.swift */,
				7F8E809B2BF39B3B00527EC6 /* caserCipher.swift */,
				7F8E809A2BF3958500527EC6 /* bubbleSort.swift */,
				7F8E80992BF38DB000527EC6 /* binarySearch.swift */,
				7F8E80982BF3883400527EC6 /* anagram.swift */,
			);
			sourceTree = "<group>";
		};
/* End PBXGroup section */

/* Begin PBXProject section */
		7F8E80922BF3881E00527EC6 /* Project object */ = {
			isa = PBXProject;
			attributes = {
				BuildIndependentTargetsInParallel = 1;
				LastUpgradeCheck = 1500;
			};
			buildConfigurationList = 7F8E80952BF3881E00527EC6 /* Build configuration list for PBXProject "swiftGeneratore" */;
			compatibilityVersion = "Xcode 14.0";
			developmentRegion = en;
			hasScannedForEncodings = 0;
			knownRegions = (
				en,
				Base,
			);
			mainGroup = 7F8E80912BF3881E00527EC6;
			projectDirPath = "";
			projectRoot = "";
			targets = (
			);
		};
/* End PBXProject section */

/* Begin XCBuildConfiguration section */
		7F8E80962BF3881E00527EC6 /* Debug */ = {
			isa = XCBuildConfiguration;
			buildSettings = {
			};
			name = Debug;
		};
		7F8E80972BF3881E00527EC6 /* Release */ = {
			isa = XCBuildConfiguration;
			buildSettings = {
			};
			name = Release;
		};
/* End XCBuildConfiguration section */

/* Begin XCConfigurationList section */
		7F8E80952BF3881E00527EC6 /* Build configuration list for PBXProject "swiftGeneratore" */ = {
			isa = XCConfigurationList;
			buildConfigurations = (
				7F8E80962BF3881E00527EC6 /* Debug */,
				7F8E80972BF3881E00527EC6 /* Release */,
			);
			defaultConfigurationIsVisible = 0;
			defaultConfigurationName = Release;
		};
/* End XCConfigurationList section */
	};
	rootObject = 7F8E80922BF3881E00527EC6 /* Project object */;
}
